// !$*UTF8*$!
{
	archiveVersion = 1;
	classes = {
	};
	objectVersion = 52;
	objects = {

/* Begin PBXBuildFile section */
		5738B370261A05BC00E68A7D /* AppDelegate.swift in Sources */ = {isa = PBXBuildFile; fileRef = 5738B36F261A05BC00E68A7D /* AppDelegate.swift */; };
		5738B374261A05BC00E68A7D /* ViewController.swift in Sources */ = {isa = PBXBuildFile; fileRef = 5738B373261A05BC00E68A7D /* ViewController.swift */; };
		5738B377261A05BC00E68A7D /* Main.storyboard in Resources */ = {isa = PBXBuildFile; fileRef = 5738B375261A05BC00E68A7D /* Main.storyboard */; };
		5738B379261A05BE00E68A7D /* Assets.xcassets in Resources */ = {isa = PBXBuildFile; fileRef = 5738B378261A05BE00E68A7D /* Assets.xcassets */; };
		5738B37C261A05BE00E68A7D /* LaunchScreen.storyboard in Resources */ = {isa = PBXBuildFile; fileRef = 5738B37A261A05BE00E68A7D /* LaunchScreen.storyboard */; };
		5738B387261A074D00E68A7D /* User.swift in Sources */ = {isa = PBXBuildFile; fileRef = 5738B386261A074D00E68A7D /* User.swift */; };
		5738B38A261A075B00E68A7D /* Route.swift in Sources */ = {isa = PBXBuildFile; fileRef = 5738B389261A075B00E68A7D /* Route.swift */; };
		5746E5D626260521004E85C6 /* Routes.storyboard in Resources */ = {isa = PBXBuildFile; fileRef = 5746E5D526260521004E85C6 /* Routes.storyboard */; };
		5746E5DC26271BE6004E85C6 /* GradientView.swift in Sources */ = {isa = PBXBuildFile; fileRef = 5746E5DB26271BE6004E85C6 /* GradientView.swift */; };
		575B9AD6261AE67A00350250 /* UIView+RoundCorners.swift in Sources */ = {isa = PBXBuildFile; fileRef = 575B9ACE261AE67A00350250 /* UIView+RoundCorners.swift */; };
		575B9AD7261AE67A00350250 /* UIView+Shadow.swift in Sources */ = {isa = PBXBuildFile; fileRef = 575B9ACF261AE67A00350250 /* UIView+Shadow.swift */; };
		575B9AD8261AE67A00350250 /* LoginViewController.swift in Sources */ = {isa = PBXBuildFile; fileRef = 575B9AD3261AE67A00350250 /* LoginViewController.swift */; };
		575B9AD9261AE67A00350250 /* RoundedTextFieldContainer.swift in Sources */ = {isa = PBXBuildFile; fileRef = 575B9AD5261AE67A00350250 /* RoundedTextFieldContainer.swift */; };
		57759FAB26248400005AC5A4 /* RouteCell.swift in Sources */ = {isa = PBXBuildFile; fileRef = 57759FAA26248400005AC5A4 /* RouteCell.swift */; };
		57759FB2262594C8005AC5A4 /* Post.swift in Sources */ = {isa = PBXBuildFile; fileRef = 57759FB1262594C8005AC5A4 /* Post.swift */; };
		57759FB62625954C005AC5A4 /* DataSource.swift in Sources */ = {isa = PBXBuildFile; fileRef = 57759FB52625954C005AC5A4 /* DataSource.swift */; };
		577F1945262050EE004136F4 /* GoogleService-Info.plist in Resources */ = {isa = PBXBuildFile; fileRef = 577F1944262050EE004136F4 /* GoogleService-Info.plist */; };
		577F194926205264004136F4 /* FirebaseStorage in Frameworks */ = {isa = PBXBuildFile; productRef = 577F194826205264004136F4 /* FirebaseStorage */; };
		577F194B26205264004136F4 /* FirebaseAuth in Frameworks */ = {isa = PBXBuildFile; productRef = 577F194A26205264004136F4 /* FirebaseAuth */; };
		577F194D26205264004136F4 /* FirebaseStorageSwift-Beta in Frameworks */ = {isa = PBXBuildFile; productRef = 577F194C26205264004136F4 /* FirebaseStorageSwift-Beta */; };
		577F194F26205264004136F4 /* FirebaseDatabase in Frameworks */ = {isa = PBXBuildFile; productRef = 577F194E26205264004136F4 /* FirebaseDatabase */; };
		579EFCE226204C0900DC8BAD /* RoutesViewController.swift in Sources */ = {isa = PBXBuildFile; fileRef = 579EFCE126204C0900DC8BAD /* RoutesViewController.swift */; };
		57B4577A261B011700658820 /* RegisterViewController.swift in Sources */ = {isa = PBXBuildFile; fileRef = 57B45779261B011700658820 /* RegisterViewController.swift */; };
/* End PBXBuildFile section */

/* Begin PBXFileReference section */
		5738B36C261A05BC00E68A7D /* PubCrawl.app */ = {isa = PBXFileReference; explicitFileType = wrapper.application; includeInIndex = 0; path = PubCrawl.app; sourceTree = BUILT_PRODUCTS_DIR; };
		5738B36F261A05BC00E68A7D /* AppDelegate.swift */ = {isa = PBXFileReference; lastKnownFileType = sourcecode.swift; path = AppDelegate.swift; sourceTree = "<group>"; };
		5738B373261A05BC00E68A7D /* ViewController.swift */ = {isa = PBXFileReference; lastKnownFileType = sourcecode.swift; path = ViewController.swift; sourceTree = "<group>"; };
		5738B376261A05BC00E68A7D /* Base */ = {isa = PBXFileReference; lastKnownFileType = file.storyboard; name = Base; path = Base.lproj/Main.storyboard; sourceTree = "<group>"; };
		5738B378261A05BE00E68A7D /* Assets.xcassets */ = {isa = PBXFileReference; lastKnownFileType = folder.assetcatalog; path = Assets.xcassets; sourceTree = "<group>"; };
		5738B37B261A05BE00E68A7D /* Base */ = {isa = PBXFileReference; lastKnownFileType = file.storyboard; name = Base; path = Base.lproj/LaunchScreen.storyboard; sourceTree = "<group>"; };
		5738B37D261A05BE00E68A7D /* Info.plist */ = {isa = PBXFileReference; lastKnownFileType = text.plist.xml; path = Info.plist; sourceTree = "<group>"; };
		5738B386261A074D00E68A7D /* User.swift */ = {isa = PBXFileReference; lastKnownFileType = sourcecode.swift; path = User.swift; sourceTree = "<group>"; };
		5738B389261A075B00E68A7D /* Route.swift */ = {isa = PBXFileReference; lastKnownFileType = sourcecode.swift; path = Route.swift; sourceTree = "<group>"; };
		5746E5D526260521004E85C6 /* Routes.storyboard */ = {isa = PBXFileReference; lastKnownFileType = file.storyboard; path = Routes.storyboard; sourceTree = "<group>"; };
		5746E5DB26271BE6004E85C6 /* GradientView.swift */ = {isa = PBXFileReference; lastKnownFileType = sourcecode.swift; path = GradientView.swift; sourceTree = "<group>"; };
		575B9ACE261AE67A00350250 /* UIView+RoundCorners.swift */ = {isa = PBXFileReference; fileEncoding = 4; lastKnownFileType = sourcecode.swift; path = "UIView+RoundCorners.swift"; sourceTree = "<group>"; };
		575B9ACF261AE67A00350250 /* UIView+Shadow.swift */ = {isa = PBXFileReference; fileEncoding = 4; lastKnownFileType = sourcecode.swift; path = "UIView+Shadow.swift"; sourceTree = "<group>"; };
		575B9AD3261AE67A00350250 /* LoginViewController.swift */ = {isa = PBXFileReference; fileEncoding = 4; lastKnownFileType = sourcecode.swift; path = LoginViewController.swift; sourceTree = "<group>"; };
		575B9AD5261AE67A00350250 /* RoundedTextFieldContainer.swift */ = {isa = PBXFileReference; fileEncoding = 4; lastKnownFileType = sourcecode.swift; path = RoundedTextFieldContainer.swift; sourceTree = "<group>"; };
		57759FAA26248400005AC5A4 /* RouteCell.swift */ = {isa = PBXFileReference; lastKnownFileType = sourcecode.swift; path = RouteCell.swift; sourceTree = "<group>"; };
		57759FB1262594C8005AC5A4 /* Post.swift */ = {isa = PBXFileReference; lastKnownFileType = sourcecode.swift; path = Post.swift; sourceTree = "<group>"; };
		57759FB52625954C005AC5A4 /* DataSource.swift */ = {isa = PBXFileReference; lastKnownFileType = sourcecode.swift; path = DataSource.swift; sourceTree = "<group>"; };
		577F1944262050EE004136F4 /* GoogleService-Info.plist */ = {isa = PBXFileReference; fileEncoding = 4; lastKnownFileType = text.plist.xml; path = "GoogleService-Info.plist"; sourceTree = "<group>"; };
		579EFCE126204C0900DC8BAD /* RoutesViewController.swift */ = {isa = PBXFileReference; lastKnownFileType = sourcecode.swift; path = RoutesViewController.swift; sourceTree = "<group>"; };
		57B45779261B011700658820 /* RegisterViewController.swift */ = {isa = PBXFileReference; lastKnownFileType = sourcecode.swift; path = RegisterViewController.swift; sourceTree = "<group>"; };
/* End PBXFileReference section */

/* Begin PBXFrameworksBuildPhase section */
		5738B369261A05BC00E68A7D /* Frameworks */ = {
			isa = PBXFrameworksBuildPhase;
			buildActionMask = 2147483647;
			files = (
				577F194926205264004136F4 /* FirebaseStorage in Frameworks */,
				577F194B26205264004136F4 /* FirebaseAuth in Frameworks */,
				577F194F26205264004136F4 /* FirebaseDatabase in Frameworks */,
				577F194D26205264004136F4 /* FirebaseStorageSwift-Beta in Frameworks */,
			);
			runOnlyForDeploymentPostprocessing = 0;
		};
/* End PBXFrameworksBuildPhase section */

/* Begin PBXGroup section */
		5738B363261A05BC00E68A7D = {
			isa = PBXGroup;
			children = (
				5738B36E261A05BC00E68A7D /* PubCrawl */,
				5738B36D261A05BC00E68A7D /* Products */,
			);
			sourceTree = "<group>";
		};
		5738B36D261A05BC00E68A7D /* Products */ = {
			isa = PBXGroup;
			children = (
				5738B36C261A05BC00E68A7D /* PubCrawl.app */,
			);
			name = Products;
			sourceTree = "<group>";
		};
		5738B36E261A05BC00E68A7D /* PubCrawl */ = {
			isa = PBXGroup;
			children = (
				57759FB42625953B005AC5A4 /* Data */,
				575B9ACD261AE67A00350250 /* Helpers */,
				575B9AD0261AE67A00350250 /* Screens */,
				575B9AD4261AE67A00350250 /* UI Components */,
				5738B384261A073500E68A7D /* Models */,
				5738B36F261A05BC00E68A7D /* AppDelegate.swift */,
				5738B373261A05BC00E68A7D /* ViewController.swift */,
				57759FAA26248400005AC5A4 /* RouteCell.swift */,
				5738B378261A05BE00E68A7D /* Assets.xcassets */,
				5738B37A261A05BE00E68A7D /* LaunchScreen.storyboard */,
				5738B37D261A05BE00E68A7D /* Info.plist */,
				577F1944262050EE004136F4 /* GoogleService-Info.plist */,
			);
			path = PubCrawl;
			sourceTree = "<group>";
		};
		5738B384261A073500E68A7D /* Models */ = {
			isa = PBXGroup;
			children = (
				5738B386261A074D00E68A7D /* User.swift */,
				5738B389261A075B00E68A7D /* Route.swift */,
				57759FB1262594C8005AC5A4 /* Post.swift */,
			);
			path = Models;
			sourceTree = "<group>";
		};
		575B9ACD261AE67A00350250 /* Helpers */ = {
			isa = PBXGroup;
			children = (
				575B9ACE261AE67A00350250 /* UIView+RoundCorners.swift */,
				575B9ACF261AE67A00350250 /* UIView+Shadow.swift */,
			);
			path = Helpers;
			sourceTree = "<group>";
		};
		575B9AD0261AE67A00350250 /* Screens */ = {
			isa = PBXGroup;
			children = (
				579EFCE526204C2000DC8BAD /* Routes */,
				575B9AD1261AE67A00350250 /* Authentication */,
			);
			path = Screens;
			sourceTree = "<group>";
		};
		575B9AD1261AE67A00350250 /* Authentication */ = {
			isa = PBXGroup;
			children = (
				5738B375261A05BC00E68A7D /* Main.storyboard */,
				575B9AD3261AE67A00350250 /* LoginViewController.swift */,
				57B45779261B011700658820 /* RegisterViewController.swift */,
			);
			path = Authentication;
			sourceTree = "<group>";
		};
		575B9AD4261AE67A00350250 /* UI Components */ = {
			isa = PBXGroup;
			children = (
				5746E5DB26271BE6004E85C6 /* GradientView.swift */,
				575B9AD5261AE67A00350250 /* RoundedTextFieldContainer.swift */,
			);
			path = "UI Components";
			sourceTree = "<group>";
		};
		57759FB42625953B005AC5A4 /* Data */ = {
			isa = PBXGroup;
			children = (
				57759FB52625954C005AC5A4 /* DataSource.swift */,
			);
			path = Data;
			sourceTree = "<group>";
		};
		579EFCE526204C2000DC8BAD /* Routes */ = {
			isa = PBXGroup;
			children = (
				5746E5D526260521004E85C6 /* Routes.storyboard */,
				579EFCE126204C0900DC8BAD /* RoutesViewController.swift */,
			);
			path = Routes;
			sourceTree = "<group>";
		};
/* End PBXGroup section */

/* Begin PBXNativeTarget section */
		5738B36B261A05BC00E68A7D /* PubCrawl */ = {
			isa = PBXNativeTarget;
			buildConfigurationList = 5738B380261A05BE00E68A7D /* Build configuration list for PBXNativeTarget "PubCrawl" */;
			buildPhases = (
				5738B368261A05BC00E68A7D /* Sources */,
				5738B369261A05BC00E68A7D /* Frameworks */,
				5738B36A261A05BC00E68A7D /* Resources */,
			);
			buildRules = (
			);
			dependencies = (
			);
			name = PubCrawl;
			packageProductDependencies = (
				577F194826205264004136F4 /* FirebaseStorage */,
				577F194A26205264004136F4 /* FirebaseAuth */,
				577F194C26205264004136F4 /* FirebaseStorageSwift-Beta */,
				577F194E26205264004136F4 /* FirebaseDatabase */,
			);
			productName = PubCrawl;
			productReference = 5738B36C261A05BC00E68A7D /* PubCrawl.app */;
			productType = "com.apple.product-type.application";
		};
/* End PBXNativeTarget section */

/* Begin PBXProject section */
		5738B364261A05BC00E68A7D /* Project object */ = {
			isa = PBXProject;
			attributes = {
				LastSwiftUpdateCheck = 1240;
				LastUpgradeCheck = 1240;
				TargetAttributes = {
					5738B36B261A05BC00E68A7D = {
						CreatedOnToolsVersion = 12.4;
					};
				};
			};
			buildConfigurationList = 5738B367261A05BC00E68A7D /* Build configuration list for PBXProject "PubCrawl" */;
			compatibilityVersion = "Xcode 9.3";
			developmentRegion = en;
			hasScannedForEncodings = 0;
			knownRegions = (
				en,
				Base,
			);
			mainGroup = 5738B363261A05BC00E68A7D;
			packageReferences = (
				577F194726205264004136F4 /* XCRemoteSwiftPackageReference "firebase-ios-sdk" */,
			);
			productRefGroup = 5738B36D261A05BC00E68A7D /* Products */;
			projectDirPath = "";
			projectRoot = "";
			targets = (
				5738B36B261A05BC00E68A7D /* PubCrawl */,
			);
		};
/* End PBXProject section */

/* Begin PBXResourcesBuildPhase section */
		5738B36A261A05BC00E68A7D /* Resources */ = {
			isa = PBXResourcesBuildPhase;
			buildActionMask = 2147483647;
			files = (
				577F1945262050EE004136F4 /* GoogleService-Info.plist in Resources */,
				5746E5D626260521004E85C6 /* Routes.storyboard in Resources */,
				5738B37C261A05BE00E68A7D /* LaunchScreen.storyboard in Resources */,
				5738B379261A05BE00E68A7D /* Assets.xcassets in Resources */,
				5738B377261A05BC00E68A7D /* Main.storyboard in Resources */,
			);
			runOnlyForDeploymentPostprocessing = 0;
		};
/* End PBXResourcesBuildPhase section */

/* Begin PBXSourcesBuildPhase section */
		5738B368261A05BC00E68A7D /* Sources */ = {
			isa = PBXSourcesBuildPhase;
			buildActionMask = 2147483647;
			files = (
				575B9AD7261AE67A00350250 /* UIView+Shadow.swift in Sources */,
				57B4577A261B011700658820 /* RegisterViewController.swift in Sources */,
				575B9AD6261AE67A00350250 /* UIView+RoundCorners.swift in Sources */,
				57759FB62625954C005AC5A4 /* DataSource.swift in Sources */,
				5746E5DC26271BE6004E85C6 /* GradientView.swift in Sources */,
				5738B374261A05BC00E68A7D /* ViewController.swift in Sources */,
				57759FAB26248400005AC5A4 /* RouteCell.swift in Sources */,
				5738B370261A05BC00E68A7D /* AppDelegate.swift in Sources */,
				579EFCE226204C0900DC8BAD /* RoutesViewController.swift in Sources */,
				5738B387261A074D00E68A7D /* User.swift in Sources */,
				575B9AD9261AE67A00350250 /* RoundedTextFieldContainer.swift in Sources */,
				5738B38A261A075B00E68A7D /* Route.swift in Sources */,
				57759FB2262594C8005AC5A4 /* Post.swift in Sources */,
				575B9AD8261AE67A00350250 /* LoginViewController.swift in Sources */,
			);
			runOnlyForDeploymentPostprocessing = 0;
		};
/* End PBXSourcesBuildPhase section */

/* Begin PBXVariantGroup section */
		5738B375261A05BC00E68A7D /* Main.storyboard */ = {
			isa = PBXVariantGroup;
			children = (
				5738B376261A05BC00E68A7D /* Base */,
			);
			name = Main.storyboard;
			sourceTree = "<group>";
		};
		5738B37A261A05BE00E68A7D /* LaunchScreen.storyboard */ = {
			isa = PBXVariantGroup;
			children = (
				5738B37B261A05BE00E68A7D /* Base */,
			);
			name = LaunchScreen.storyboard;
			sourceTree = "<group>";
		};
/* End PBXVariantGroup section */

/* Begin XCBuildConfiguration section */
		5738B37E261A05BE00E68A7D /* Debug */ = {
			isa = XCBuildConfiguration;
			buildSettings = {
				ALWAYS_SEARCH_USER_PATHS = NO;
				CLANG_ANALYZER_NONNULL = YES;
				CLANG_ANALYZER_NUMBER_OBJECT_CONVERSION = YES_AGGRESSIVE;
				CLANG_CXX_LANGUAGE_STANDARD = "gnu++14";
				CLANG_CXX_LIBRARY = "libc++";
				CLANG_ENABLE_MODULES = YES;
				CLANG_ENABLE_OBJC_ARC = YES;
				CLANG_ENABLE_OBJC_WEAK = YES;
				CLANG_WARN_BLOCK_CAPTURE_AUTORELEASING = YES;
				CLANG_WARN_BOOL_CONVERSION = YES;
				CLANG_WARN_COMMA = YES;
				CLANG_WARN_CONSTANT_CONVERSION = YES;
				CLANG_WARN_DEPRECATED_OBJC_IMPLEMENTATIONS = YES;
				CLANG_WARN_DIRECT_OBJC_ISA_USAGE = YES_ERROR;
				CLANG_WARN_DOCUMENTATION_COMMENTS = YES;
				CLANG_WARN_EMPTY_BODY = YES;
				CLANG_WARN_ENUM_CONVERSION = YES;
				CLANG_WARN_INFINITE_RECURSION = YES;
				CLANG_WARN_INT_CONVERSION = YES;
				CLANG_WARN_NON_LITERAL_NULL_CONVERSION = YES;
				CLANG_WARN_OBJC_IMPLICIT_RETAIN_SELF = YES;
				CLANG_WARN_OBJC_LITERAL_CONVERSION = YES;
				CLANG_WARN_OBJC_ROOT_CLASS = YES_ERROR;
				CLANG_WARN_QUOTED_INCLUDE_IN_FRAMEWORK_HEADER = YES;
				CLANG_WARN_RANGE_LOOP_ANALYSIS = YES;
				CLANG_WARN_STRICT_PROTOTYPES = YES;
				CLANG_WARN_SUSPICIOUS_MOVE = YES;
				CLANG_WARN_UNGUARDED_AVAILABILITY = YES_AGGRESSIVE;
				CLANG_WARN_UNREACHABLE_CODE = YES;
				CLANG_WARN__DUPLICATE_METHOD_MATCH = YES;
				COPY_PHASE_STRIP = NO;
				DEBUG_INFORMATION_FORMAT = dwarf;
				ENABLE_STRICT_OBJC_MSGSEND = YES;
				ENABLE_TESTABILITY = YES;
				GCC_C_LANGUAGE_STANDARD = gnu11;
				GCC_DYNAMIC_NO_PIC = NO;
				GCC_NO_COMMON_BLOCKS = YES;
				GCC_OPTIMIZATION_LEVEL = 0;
				GCC_PREPROCESSOR_DEFINITIONS = (
					"DEBUG=1",
					"$(inherited)",
				);
				GCC_WARN_64_TO_32_BIT_CONVERSION = YES;
				GCC_WARN_ABOUT_RETURN_TYPE = YES_ERROR;
				GCC_WARN_UNDECLARED_SELECTOR = YES;
				GCC_WARN_UNINITIALIZED_AUTOS = YES_AGGRESSIVE;
				GCC_WARN_UNUSED_FUNCTION = YES;
				GCC_WARN_UNUSED_VARIABLE = YES;
				IPHONEOS_DEPLOYMENT_TARGET = 14.4;
				MTL_ENABLE_DEBUG_INFO = INCLUDE_SOURCE;
				MTL_FAST_MATH = YES;
				ONLY_ACTIVE_ARCH = YES;
				SDKROOT = iphoneos;
				SWIFT_ACTIVE_COMPILATION_CONDITIONS = DEBUG;
				SWIFT_OPTIMIZATION_LEVEL = "-Onone";
			};
			name = Debug;
		};
		5738B37F261A05BE00E68A7D /* Release */ = {
			isa = XCBuildConfiguration;
			buildSettings = {
				ALWAYS_SEARCH_USER_PATHS = NO;
				CLANG_ANALYZER_NONNULL = YES;
				CLANG_ANALYZER_NUMBER_OBJECT_CONVERSION = YES_AGGRESSIVE;
				CLANG_CXX_LANGUAGE_STANDARD = "gnu++14";
				CLANG_CXX_LIBRARY = "libc++";
				CLANG_ENABLE_MODULES = YES;
				CLANG_ENABLE_OBJC_ARC = YES;
				CLANG_ENABLE_OBJC_WEAK = YES;
				CLANG_WARN_BLOCK_CAPTURE_AUTORELEASING = YES;
				CLANG_WARN_BOOL_CONVERSION = YES;
				CLANG_WARN_COMMA = YES;
				CLANG_WARN_CONSTANT_CONVERSION = YES;
				CLANG_WARN_DEPRECATED_OBJC_IMPLEMENTATIONS = YES;
				CLANG_WARN_DIRECT_OBJC_ISA_USAGE = YES_ERROR;
				CLANG_WARN_DOCUMENTATION_COMMENTS = YES;
				CLANG_WARN_EMPTY_BODY = YES;
				CLANG_WARN_ENUM_CONVERSION = YES;
				CLANG_WARN_INFINITE_RECURSION = YES;
				CLANG_WARN_INT_CONVERSION = YES;
				CLANG_WARN_NON_LITERAL_NULL_CONVERSION = YES;
				CLANG_WARN_OBJC_IMPLICIT_RETAIN_SELF = YES;
				CLANG_WARN_OBJC_LITERAL_CONVERSION = YES;
				CLANG_WARN_OBJC_ROOT_CLASS = YES_ERROR;
				CLANG_WARN_QUOTED_INCLUDE_IN_FRAMEWORK_HEADER = YES;
				CLANG_WARN_RANGE_LOOP_ANALYSIS = YES;
				CLANG_WARN_STRICT_PROTOTYPES = YES;
				CLANG_WARN_SUSPICIOUS_MOVE = YES;
				CLANG_WARN_UNGUARDED_AVAILABILITY = YES_AGGRESSIVE;
				CLANG_WARN_UNREACHABLE_CODE = YES;
				CLANG_WARN__DUPLICATE_METHOD_MATCH = YES;
				COPY_PHASE_STRIP = NO;
				DEBUG_INFORMATION_FORMAT = "dwarf-with-dsym";
				ENABLE_NS_ASSERTIONS = NO;
				ENABLE_STRICT_OBJC_MSGSEND = YES;
				GCC_C_LANGUAGE_STANDARD = gnu11;
				GCC_NO_COMMON_BLOCKS = YES;
				GCC_WARN_64_TO_32_BIT_CONVERSION = YES;
				GCC_WARN_ABOUT_RETURN_TYPE = YES_ERROR;
				GCC_WARN_UNDECLARED_SELECTOR = YES;
				GCC_WARN_UNINITIALIZED_AUTOS = YES_AGGRESSIVE;
				GCC_WARN_UNUSED_FUNCTION = YES;
				GCC_WARN_UNUSED_VARIABLE = YES;
				IPHONEOS_DEPLOYMENT_TARGET = 14.4;
				MTL_ENABLE_DEBUG_INFO = NO;
				MTL_FAST_MATH = YES;
				SDKROOT = iphoneos;
				SWIFT_COMPILATION_MODE = wholemodule;
				SWIFT_OPTIMIZATION_LEVEL = "-O";
				VALIDATE_PRODUCT = YES;
			};
			name = Release;
		};
		5738B381261A05BE00E68A7D /* Debug */ = {
			isa = XCBuildConfiguration;
			buildSettings = {
				ASSETCATALOG_COMPILER_APPICON_NAME = AppIcon;
				ASSETCATALOG_COMPILER_GLOBAL_ACCENT_COLOR_NAME = AccentColor;
				CODE_SIGN_STYLE = Automatic;
				DEVELOPMENT_TEAM = BGL98V7Y68;
				INFOPLIST_FILE = PubCrawl/Info.plist;
				IPHONEOS_DEPLOYMENT_TARGET = 14.4;
				LD_RUNPATH_SEARCH_PATHS = (
					"$(inherited)",
					"@executable_path/Frameworks",
				);
				PRODUCT_BUNDLE_IDENTIFIER = com.victorcuc.PubCrawl;
				PRODUCT_NAME = "$(TARGET_NAME)";
				SWIFT_VERSION = 5.0;
				TARGETED_DEVICE_FAMILY = "1,2";
			};
			name = Debug;
		};
		5738B382261A05BE00E68A7D /* Release */ = {
			isa = XCBuildConfiguration;
			buildSettings = {
				ASSETCATALOG_COMPILER_APPICON_NAME = AppIcon;
				ASSETCATALOG_COMPILER_GLOBAL_ACCENT_COLOR_NAME = AccentColor;
				CODE_SIGN_STYLE = Automatic;
				DEVELOPMENT_TEAM = BGL98V7Y68;
				INFOPLIST_FILE = PubCrawl/Info.plist;
				IPHONEOS_DEPLOYMENT_TARGET = 14.4;
				LD_RUNPATH_SEARCH_PATHS = (
					"$(inherited)",
					"@executable_path/Frameworks",
				);
				PRODUCT_BUNDLE_IDENTIFIER = com.victorcuc.PubCrawl;
				PRODUCT_NAME = "$(TARGET_NAME)";
				SWIFT_VERSION = 5.0;
				TARGETED_DEVICE_FAMILY = "1,2";
			};
			name = Release;
		};
/* End XCBuildConfiguration section */

/* Begin XCConfigurationList section */
		5738B367261A05BC00E68A7D /* Build configuration list for PBXProject "PubCrawl" */ = {
			isa = XCConfigurationList;
			buildConfigurations = (
				5738B37E261A05BE00E68A7D /* Debug */,
				5738B37F261A05BE00E68A7D /* Release */,
			);
			defaultConfigurationIsVisible = 0;
			defaultConfigurationName = Release;
		};
		5738B380261A05BE00E68A7D /* Build configuration list for PBXNativeTarget "PubCrawl" */ = {
			isa = XCConfigurationList;
			buildConfigurations = (
				5738B381261A05BE00E68A7D /* Debug */,
				5738B382261A05BE00E68A7D /* Release */,
			);
			defaultConfigurationIsVisible = 0;
			defaultConfigurationName = Release;
		};
/* End XCConfigurationList section */

/* Begin XCRemoteSwiftPackageReference section */
		577F194726205264004136F4 /* XCRemoteSwiftPackageReference "firebase-ios-sdk" */ = {
			isa = XCRemoteSwiftPackageReference;
			repositoryURL = "https://github.com/firebase/firebase-ios-sdk.git";
			requirement = {
				kind = upToNextMajorVersion;
				minimumVersion = 7.10.0;
			};
		};
/* End XCRemoteSwiftPackageReference section */

/* Begin XCSwiftPackageProductDependency section */
		577F194826205264004136F4 /* FirebaseStorage */ = {
			isa = XCSwiftPackageProductDependency;
			package = 577F194726205264004136F4 /* XCRemoteSwiftPackageReference "firebase-ios-sdk" */;
			productName = FirebaseStorage;
		};
		577F194A26205264004136F4 /* FirebaseAuth */ = {
			isa = XCSwiftPackageProductDependency;
			package = 577F194726205264004136F4 /* XCRemoteSwiftPackageReference "firebase-ios-sdk" */;
			productName = FirebaseAuth;
		};
		577F194C26205264004136F4 /* FirebaseStorageSwift-Beta */ = {
			isa = XCSwiftPackageProductDependency;
			package = 577F194726205264004136F4 /* XCRemoteSwiftPackageReference "firebase-ios-sdk" */;
			productName = "FirebaseStorageSwift-Beta";
		};
		577F194E26205264004136F4 /* FirebaseDatabase */ = {
			isa = XCSwiftPackageProductDependency;
			package = 577F194726205264004136F4 /* XCRemoteSwiftPackageReference "firebase-ios-sdk" */;
			productName = FirebaseDatabase;
		};
/* End XCSwiftPackageProductDependency section */
	};
	rootObject = 5738B364261A05BC00E68A7D /* Project object */;
}
